
Microsoft Visual Studio Solution File, Format Version 12.00
# Visual Studio Version 17
VisualStudioVersion = 17.4.33205.214
MinimumVisualStudioVersion = 10.0.40219.1
Project("{9A19103F-16F7-4668-BE54-9A1E7A4F7556}") = "PointEditor", "PointEditor\PointEditor.csproj", "{8803B8DB-056C-4CAC-8C6F-389C09E7F6D2}"
EndProject
Project("{9A19103F-16F7-4668-BE54-9A1E7A4F7556}") = "Updater", "Updater\Updater.csproj", "{BBE91451-1E47-45FD-ACFD-F1E35A8EB7D5}"
EndProject
Global
	GlobalSection(SolutionConfigurationPlatforms) = preSolution
		Debug|Any CPU = Debug|Any CPU
		Release|Any CPU = Release|Any CPU
	EndGlobalSection
	GlobalSection(ProjectConfigurationPlatforms) = postSolution
		{8803B8DB-056C-4CAC-8C6F-389C09E7F6D2}.Debug|Any CPU.ActiveCfg = Debug|Any CPU
		{8803B8DB-056C-4CAC-8C6F-389C09E7F6D2}.Debug|Any CPU.Build.0 = Debug|Any CPU
		{8803B8DB-056C-4CAC-8C6F-389C09E7F6D2}.Release|Any CPU.ActiveCfg = Release|Any CPU
		{8803B8DB-056C-4CAC-8C6F-389C09E7F6D2}.Release|Any CPU.Build.0 = Release|Any CPU
		{BBE91451-1E47-45FD-ACFD-F1E35A8EB7D5}.Debug|Any CPU.ActiveCfg = Debug|Any CPU
		{BBE91451-1E47-45FD-ACFD-F1E35A8EB7D5}.Debug|Any CPU.Build.0 = Debug|Any CPU
		{BBE91451-1E47-45FD-ACFD-F1E35A8EB7D5}.Release|Any CPU.ActiveCfg = Release|Any CPU
		{BBE91451-1E47-45FD-ACFD-F1E35A8EB7D5}.Release|Any CPU.Build.0 = Release|Any CPU
	EndGlobalSection
	GlobalSection(SolutionProperties) = preSolution
		HideSolutionNode = FALSE
	EndGlobalSection
	GlobalSection(ExtensibilityGlobals) = postSolution
		SolutionGuid = {DD0B9D2D-DDCE-4149-9201-8950B1326A0E}
	EndGlobalSection
EndGlobal
